
Microsoft Visual Studio Solution File, Format Version 12.00
# Visual Studio Version 16
VisualStudioVersion = 16.0.31702.278
MinimumVisualStudioVersion = 10.0.40219.1
Project("{FAE04EC0-301F-11D3-BF4B-00C04F79EFBC}") = "WFCadastrarCliente", "WFCadastrarCliente.csproj", "{8179A0E4-BB49-4491-ADDD-51EF23CAAD5D}"
EndProject
Global
	GlobalSection(SolutionConfigurationPlatforms) = preSolution
		Debug|Any CPU = Debug|Any CPU
		Release|Any CPU = Release|Any CPU
	EndGlobalSection
	GlobalSection(ProjectConfigurationPlatforms) = postSolution
		{8179A0E4-BB49-4491-ADDD-51EF23CAAD5D}.Debug|Any CPU.ActiveCfg = Debug|Any CPU
		{8179A0E4-BB49-4491-ADDD-51EF23CAAD5D}.Debug|Any CPU.Build.0 = Debug|Any CPU
		{8179A0E4-BB49-4491-ADDD-51EF23CAAD5D}.Release|Any CPU.ActiveCfg = Release|Any CPU
		{8179A0E4-BB49-4491-ADDD-51EF23CAAD5D}.Release|Any CPU.Build.0 = Release|Any CPU
	EndGlobalSection
	GlobalSection(SolutionProperties) = preSolution
		HideSolutionNode = FALSE
	EndGlobalSection
	GlobalSection(ExtensibilityGlobals) = postSolution
		SolutionGuid = {24CCA106-167F-4867-8CA1-E530E8C98C1F}
	EndGlobalSection
EndGlobal
